
Microsoft Visual Studio Solution File, Format Version 12.00
# Visual Studio Version 17
VisualStudioVersion = 17.6.33723.286
MinimumVisualStudioVersion = 10.0.40219.1
Project("{9A19103F-16F7-4668-BE54-9A1E7A4F7556}") = "CustomMSGraphProject", "CustomMSGraphProject.csproj", "{08AA69ED-8F72-42D7-9A3D-BDC9358121E3}"
EndProject
Global
	GlobalSection(SolutionConfigurationPlatforms) = preSolution
		Debug|Any CPU = Debug|Any CPU
		Release|Any CPU = Release|Any CPU
	EndGlobalSection
	GlobalSection(ProjectConfigurationPlatforms) = postSolution
		{08AA69ED-8F72-42D7-9A3D-BDC9358121E3}.Debug|Any CPU.ActiveCfg = Debug|Any CPU
		{08AA69ED-8F72-42D7-9A3D-BDC9358121E3}.Debug|Any CPU.Build.0 = Debug|Any CPU
		{08AA69ED-8F72-42D7-9A3D-BDC9358121E3}.Release|Any CPU.ActiveCfg = Release|Any CPU
		{08AA69ED-8F72-42D7-9A3D-BDC9358121E3}.Release|Any CPU.Build.0 = Release|Any CPU
	EndGlobalSection
	GlobalSection(SolutionProperties) = preSolution
		HideSolutionNode = FALSE
	EndGlobalSection
	GlobalSection(ExtensibilityGlobals) = postSolution
		SolutionGuid = {849A4BC5-F330-433A-81C7-633292793BD5}
	EndGlobalSection
EndGlobal
